
Microsoft Visual Studio Solution File, Format Version 12.00
# Visual Studio Version 16
VisualStudioVersion = 16.0.29613.14
MinimumVisualStudioVersion = 10.0.40219.1
Project("{FAE04EC0-301F-11D3-BF4B-00C04F79EFBC}") = "BirdApp", "BirdApp\BirdApp.csproj", "{CC6DB65F-AA79-4E02-B8A0-D9C304EFC037}"
EndProject
Global
	GlobalSection(SolutionConfigurationPlatforms) = preSolution
		Debug|Any CPU = Debug|Any CPU
		Release|Any CPU = Release|Any CPU
	EndGlobalSection
	GlobalSection(ProjectConfigurationPlatforms) = postSolution
		{CC6DB65F-AA79-4E02-B8A0-D9C304EFC037}.Debug|Any CPU.ActiveCfg = Debug|Any CPU
		{CC6DB65F-AA79-4E02-B8A0-D9C304EFC037}.Debug|Any CPU.Build.0 = Debug|Any CPU
		{CC6DB65F-AA79-4E02-B8A0-D9C304EFC037}.Release|Any CPU.ActiveCfg = Release|Any CPU
		{CC6DB65F-AA79-4E02-B8A0-D9C304EFC037}.Release|Any CPU.Build.0 = Release|Any CPU
	EndGlobalSection
	GlobalSection(SolutionProperties) = preSolution
		HideSolutionNode = FALSE
	EndGlobalSection
	GlobalSection(ExtensibilityGlobals) = postSolution
		SolutionGuid = {D7418687-5A0A-4CC8-9E70-B72BE34DA75D}
	EndGlobalSection
EndGlobal
